# THIS IS AN AUTOGENERATED FILE. DO NOT EDIT THIS FILE DIRECTLY.
# yarn lockfile v1


weixin-js-sdk@^1.4.0-test:
  version "1.4.0-test"
  resolved "https://registry.npm.taobao.org/weixin-js-sdk/download/weixin-js-sdk-1.4.0-test.tgz#612bbafcc97ad84f5afe6dc84701534cc59fc3ca"
  integrity sha1-YSu6/Ml62E9a/m3IRwFTTMWfw8o=
